
Microsoft Visual Studio Solution File, Format Version 12.00
# Visual Studio 2013
VisualStudioVersion = 12.0.21005.1
MinimumVisualStudioVersion = 10.0.40219.1
Project("{FAE04EC0-301F-11D3-BF4B-00C04F79EFBC}") = "StringCalculator", "StringCalculator\StringCalculator.csproj", "{D1CB399B-AAB6-43FF-A785-8C0B3952F5CE}"
EndProject
Project("{FAE04EC0-301F-11D3-BF4B-00C04F79EFBC}") = "StringCalculatorTest", "StringCalculatorTest\StringCalculatorTest.csproj", "{696828EE-0C08-49B1-B9AB-6F0EEDD7855A}"
EndProject
Global
	GlobalSection(SolutionConfigurationPlatforms) = preSolution
		Debug|Any CPU = Debug|Any CPU
		Release|Any CPU = Release|Any CPU
	EndGlobalSection
	GlobalSection(ProjectConfigurationPlatforms) = postSolution
		{D1CB399B-AAB6-43FF-A785-8C0B3952F5CE}.Debug|Any CPU.ActiveCfg = Debug|Any CPU
		{D1CB399B-AAB6-43FF-A785-8C0B3952F5CE}.Debug|Any CPU.Build.0 = Debug|Any CPU
		{D1CB399B-AAB6-43FF-A785-8C0B3952F5CE}.Release|Any CPU.ActiveCfg = Release|Any CPU
		{D1CB399B-AAB6-43FF-A785-8C0B3952F5CE}.Release|Any CPU.Build.0 = Release|Any CPU
		{696828EE-0C08-49B1-B9AB-6F0EEDD7855A}.Debug|Any CPU.ActiveCfg = Debug|Any CPU
		{696828EE-0C08-49B1-B9AB-6F0EEDD7855A}.Debug|Any CPU.Build.0 = Debug|Any CPU
		{696828EE-0C08-49B1-B9AB-6F0EEDD7855A}.Release|Any CPU.ActiveCfg = Release|Any CPU
		{696828EE-0C08-49B1-B9AB-6F0EEDD7855A}.Release|Any CPU.Build.0 = Release|Any CPU
	EndGlobalSection
	GlobalSection(SolutionProperties) = preSolution
		HideSolutionNode = FALSE
	EndGlobalSection
EndGlobal
